
Microsoft Visual Studio Solution File, Format Version 12.00
# Visual Studio Version 17
VisualStudioVersion = 17.14.36203.30 d17.14
MinimumVisualStudioVersion = 10.0.40219.1
Project("{FAE04EC0-301F-11D3-BF4B-00C04F79EFBC}") = "Desafio", "Desafio\Desafio.csproj", "{C3ADC605-DEC3-4646-A1D6-2FA5F4D9EA87}"
EndProject
Global
	GlobalSection(SolutionConfigurationPlatforms) = preSolution
		Debug|Any CPU = Debug|Any CPU
		Release|Any CPU = Release|Any CPU
	EndGlobalSection
	GlobalSection(ProjectConfigurationPlatforms) = postSolution
		{C3ADC605-DEC3-4646-A1D6-2FA5F4D9EA87}.Debug|Any CPU.ActiveCfg = Debug|Any CPU
		{C3ADC605-DEC3-4646-A1D6-2FA5F4D9EA87}.Debug|Any CPU.Build.0 = Debug|Any CPU
		{C3ADC605-DEC3-4646-A1D6-2FA5F4D9EA87}.Release|Any CPU.ActiveCfg = Release|Any CPU
		{C3ADC605-DEC3-4646-A1D6-2FA5F4D9EA87}.Release|Any CPU.Build.0 = Release|Any CPU
	EndGlobalSection
	GlobalSection(SolutionProperties) = preSolution
		HideSolutionNode = FALSE
	EndGlobalSection
	GlobalSection(ExtensibilityGlobals) = postSolution
		SolutionGuid = {5D9589AA-211D-4F1E-9F58-5D947B943BAB}
	EndGlobalSection
EndGlobal
